// !$*UTF8*$!
{
	archiveVersion = 1;
	classes = {
	};
	objectVersion = 51;
	objects = {

/* Begin PBXBuildFile section */
		A81ECBE23444702DEEBF3408 /* Pods_workoutTracker.framework in Frameworks */ = {isa = PBXBuildFile; fileRef = 9DE3508C51FD7133253FACCB /* Pods_workoutTracker.framework */; };
		BC088C1324C89B29005ACD22 /* AddWorkoutViewController.swift in Sources */ = {isa = PBXBuildFile; fileRef = BC088C1224C89B29005ACD22 /* AddWorkoutViewController.swift */; };
		BC088C1524C8A80B005ACD22 /* AppContainerViewController.swift in Sources */ = {isa = PBXBuildFile; fileRef = BC088C1424C8A80B005ACD22 /* AppContainerViewController.swift */; };
		BC088C1724C8CB6E005ACD22 /* AppManager.swift in Sources */ = {isa = PBXBuildFile; fileRef = BC088C1624C8CB6E005ACD22 /* AppManager.swift */; };
		BC147EA424D1B9BD00C4D4CF /* WorkoutStartedViewController.swift in Sources */ = {isa = PBXBuildFile; fileRef = BC147EA324D1B9BD00C4D4CF /* WorkoutStartedViewController.swift */; };
		BC147EA624D1CB1100C4D4CF /* ActiveWorkoutTableViewCell.swift in Sources */ = {isa = PBXBuildFile; fileRef = BC147EA524D1CB1100C4D4CF /* ActiveWorkoutTableViewCell.swift */; };
		BC15C30324CD0E7600AAF0C4 /* WorkoutExercisesTableViewCell.swift in Sources */ = {isa = PBXBuildFile; fileRef = BC15C30224CD0E7600AAF0C4 /* WorkoutExercisesTableViewCell.swift */; };
		BC20590324C6933E0013383C /* RootViewController.swift in Sources */ = {isa = PBXBuildFile; fileRef = BC20590224C6933E0013383C /* RootViewController.swift */; };
		BC20590524C69A630013383C /* GoogleService-Info.plist in Resources */ = {isa = PBXBuildFile; fileRef = BC20590424C69A630013383C /* GoogleService-Info.plist */; };
		BC29812B24C7E1930058D756 /* Constants.swift in Sources */ = {isa = PBXBuildFile; fileRef = BC29812A24C7E1930058D756 /* Constants.swift */; };
		BC65EC7D24C0B2E600AB3B30 /* AppDelegate.swift in Sources */ = {isa = PBXBuildFile; fileRef = BC65EC7C24C0B2E600AB3B30 /* AppDelegate.swift */; };
		BC65EC7F24C0B2E600AB3B30 /* SceneDelegate.swift in Sources */ = {isa = PBXBuildFile; fileRef = BC65EC7E24C0B2E600AB3B30 /* SceneDelegate.swift */; };
		BC65EC8124C0B2E600AB3B30 /* HomeViewController.swift in Sources */ = {isa = PBXBuildFile; fileRef = BC65EC8024C0B2E600AB3B30 /* HomeViewController.swift */; };
		BC65EC8324C0B2E600AB3B30 /* SettingsViewController.swift in Sources */ = {isa = PBXBuildFile; fileRef = BC65EC8224C0B2E600AB3B30 /* SettingsViewController.swift */; };
		BC65EC8624C0B2E600AB3B30 /* Main.storyboard in Resources */ = {isa = PBXBuildFile; fileRef = BC65EC8424C0B2E600AB3B30 /* Main.storyboard */; };
		BC65EC8824C0B2E700AB3B30 /* Assets.xcassets in Resources */ = {isa = PBXBuildFile; fileRef = BC65EC8724C0B2E700AB3B30 /* Assets.xcassets */; };
		BC65EC8B24C0B2E700AB3B30 /* LaunchScreen.storyboard in Resources */ = {isa = PBXBuildFile; fileRef = BC65EC8924C0B2E700AB3B30 /* LaunchScreen.storyboard */; };
		BC65EC9524C0BB3200AB3B30 /* Exercises.swift in Sources */ = {isa = PBXBuildFile; fileRef = BC65EC9424C0BB3200AB3B30 /* Exercises.swift */; };
		BC726E6424D0809600B14BF7 /* HomeTableViewCell.swift in Sources */ = {isa = PBXBuildFile; fileRef = BC726E6324D0809600B14BF7 /* HomeTableViewCell.swift */; };
		BC74A8E824C15F500064BA9C /* Workouts.swift in Sources */ = {isa = PBXBuildFile; fileRef = BC74A8E724C15F500064BA9C /* Workouts.swift */; };
		BC91EEE624C6911C0074193A /* Utilities.swift in Sources */ = {isa = PBXBuildFile; fileRef = BC91EEE524C6911C0074193A /* Utilities.swift */; };
		BCC17B9E24E32A4900E24ECD /* ExerciseViewController.swift in Sources */ = {isa = PBXBuildFile; fileRef = BCC17B9D24E32A4900E24ECD /* ExerciseViewController.swift */; };
		BCC17BA024E4DE8500E24ECD /* ExerciseTableViewCell.swift in Sources */ = {isa = PBXBuildFile; fileRef = BCC17B9F24E4DE8500E24ECD /* ExerciseTableViewCell.swift */; };
		BCD4D71824C9385800F4498B /* PopupViewController.swift in Sources */ = {isa = PBXBuildFile; fileRef = BCD4D71724C9385800F4498B /* PopupViewController.swift */; };
		BCD9A22A24C68506001F502B /* SignupViewController.swift in Sources */ = {isa = PBXBuildFile; fileRef = BCD9A22924C68506001F502B /* SignupViewController.swift */; };
		BCD9A22C24C68514001F502B /* LoginViewController.swift in Sources */ = {isa = PBXBuildFile; fileRef = BCD9A22B24C68514001F502B /* LoginViewController.swift */; };
/* End PBXBuildFile section */

/* Begin PBXFileReference section */
		8565846AB085BC341015E4E2 /* Pods-workoutTracker.release.xcconfig */ = {isa = PBXFileReference; includeInIndex = 1; lastKnownFileType = text.xcconfig; name = "Pods-workoutTracker.release.xcconfig"; path = "Target Support Files/Pods-workoutTracker/Pods-workoutTracker.release.xcconfig"; sourceTree = "<group>"; };
		8C61D0A3F3042ADCFF231570 /* Pods-workoutTracker.debug.xcconfig */ = {isa = PBXFileReference; includeInIndex = 1; lastKnownFileType = text.xcconfig; name = "Pods-workoutTracker.debug.xcconfig"; path = "Target Support Files/Pods-workoutTracker/Pods-workoutTracker.debug.xcconfig"; sourceTree = "<group>"; };
		9DE3508C51FD7133253FACCB /* Pods_workoutTracker.framework */ = {isa = PBXFileReference; explicitFileType = wrapper.framework; includeInIndex = 0; path = Pods_workoutTracker.framework; sourceTree = BUILT_PRODUCTS_DIR; };
		BC088C1224C89B29005ACD22 /* AddWorkoutViewController.swift */ = {isa = PBXFileReference; lastKnownFileType = sourcecode.swift; path = AddWorkoutViewController.swift; sourceTree = "<group>"; };
		BC088C1424C8A80B005ACD22 /* AppContainerViewController.swift */ = {isa = PBXFileReference; lastKnownFileType = sourcecode.swift; path = AppContainerViewController.swift; sourceTree = "<group>"; };
		BC088C1624C8CB6E005ACD22 /* AppManager.swift */ = {isa = PBXFileReference; lastKnownFileType = sourcecode.swift; path = AppManager.swift; sourceTree = "<group>"; };
		BC147EA324D1B9BD00C4D4CF /* WorkoutStartedViewController.swift */ = {isa = PBXFileReference; lastKnownFileType = sourcecode.swift; path = WorkoutStartedViewController.swift; sourceTree = "<group>"; };
		BC147EA524D1CB1100C4D4CF /* ActiveWorkoutTableViewCell.swift */ = {isa = PBXFileReference; lastKnownFileType = sourcecode.swift; path = ActiveWorkoutTableViewCell.swift; sourceTree = "<group>"; };
		BC15C30224CD0E7600AAF0C4 /* WorkoutExercisesTableViewCell.swift */ = {isa = PBXFileReference; lastKnownFileType = sourcecode.swift; path = WorkoutExercisesTableViewCell.swift; sourceTree = "<group>"; };
		BC20590224C6933E0013383C /* RootViewController.swift */ = {isa = PBXFileReference; lastKnownFileType = sourcecode.swift; path = RootViewController.swift; sourceTree = "<group>"; };
		BC20590424C69A630013383C /* GoogleService-Info.plist */ = {isa = PBXFileReference; fileEncoding = 4; lastKnownFileType = text.plist.xml; path = "GoogleService-Info.plist"; sourceTree = "<group>"; };
		BC29812A24C7E1930058D756 /* Constants.swift */ = {isa = PBXFileReference; lastKnownFileType = sourcecode.swift; path = Constants.swift; sourceTree = "<group>"; };
		BC65EC7924C0B2E600AB3B30 /* workoutTracker.app */ = {isa = PBXFileReference; explicitFileType = wrapper.application; includeInIndex = 0; path = workoutTracker.app; sourceTree = BUILT_PRODUCTS_DIR; };
		BC65EC7C24C0B2E600AB3B30 /* AppDelegate.swift */ = {isa = PBXFileReference; lastKnownFileType = sourcecode.swift; path = AppDelegate.swift; sourceTree = "<group>"; };
		BC65EC7E24C0B2E600AB3B30 /* SceneDelegate.swift */ = {isa = PBXFileReference; lastKnownFileType = sourcecode.swift; path = SceneDelegate.swift; sourceTree = "<group>"; };
		BC65EC8024C0B2E600AB3B30 /* HomeViewController.swift */ = {isa = PBXFileReference; lastKnownFileType = sourcecode.swift; path = HomeViewController.swift; sourceTree = "<group>"; };
		BC65EC8224C0B2E600AB3B30 /* SettingsViewController.swift */ = {isa = PBXFileReference; lastKnownFileType = sourcecode.swift; path = SettingsViewController.swift; sourceTree = "<group>"; };
		BC65EC8524C0B2E600AB3B30 /* Base */ = {isa = PBXFileReference; lastKnownFileType = file.storyboard; name = Base; path = Base.lproj/Main.storyboard; sourceTree = "<group>"; };
		BC65EC8724C0B2E700AB3B30 /* Assets.xcassets */ = {isa = PBXFileReference; lastKnownFileType = folder.assetcatalog; path = Assets.xcassets; sourceTree = "<group>"; };
		BC65EC8A24C0B2E700AB3B30 /* Base */ = {isa = PBXFileReference; lastKnownFileType = file.storyboard; name = Base; path = Base.lproj/LaunchScreen.storyboard; sourceTree = "<group>"; };
		BC65EC8C24C0B2E700AB3B30 /* Info.plist */ = {isa = PBXFileReference; lastKnownFileType = text.plist.xml; path = Info.plist; sourceTree = "<group>"; };
		BC65EC9424C0BB3200AB3B30 /* Exercises.swift */ = {isa = PBXFileReference; lastKnownFileType = sourcecode.swift; path = Exercises.swift; sourceTree = "<group>"; };
		BC726E6324D0809600B14BF7 /* HomeTableViewCell.swift */ = {isa = PBXFileReference; lastKnownFileType = sourcecode.swift; path = HomeTableViewCell.swift; sourceTree = "<group>"; };
		BC74A8E724C15F500064BA9C /* Workouts.swift */ = {isa = PBXFileReference; lastKnownFileType = sourcecode.swift; path = Workouts.swift; sourceTree = "<group>"; };
		BC91EEE524C6911C0074193A /* Utilities.swift */ = {isa = PBXFileReference; fileEncoding = 4; lastKnownFileType = sourcecode.swift; path = Utilities.swift; sourceTree = "<group>"; };
		BCC17B9D24E32A4900E24ECD /* ExerciseViewController.swift */ = {isa = PBXFileReference; lastKnownFileType = sourcecode.swift; path = ExerciseViewController.swift; sourceTree = "<group>"; };
		BCC17B9F24E4DE8500E24ECD /* ExerciseTableViewCell.swift */ = {isa = PBXFileReference; lastKnownFileType = sourcecode.swift; path = ExerciseTableViewCell.swift; sourceTree = "<group>"; };
		BCD4D71724C9385800F4498B /* PopupViewController.swift */ = {isa = PBXFileReference; lastKnownFileType = sourcecode.swift; path = PopupViewController.swift; sourceTree = "<group>"; };
		BCD9A22924C68506001F502B /* SignupViewController.swift */ = {isa = PBXFileReference; lastKnownFileType = sourcecode.swift; path = SignupViewController.swift; sourceTree = "<group>"; };
		BCD9A22B24C68514001F502B /* LoginViewController.swift */ = {isa = PBXFileReference; lastKnownFileType = sourcecode.swift; path = LoginViewController.swift; sourceTree = "<group>"; };
/* End PBXFileReference section */

/* Begin PBXFrameworksBuildPhase section */
		BC65EC7624C0B2E600AB3B30 /* Frameworks */ = {
			isa = PBXFrameworksBuildPhase;
			buildActionMask = 2147483647;
			files = (
				A81ECBE23444702DEEBF3408 /* Pods_workoutTracker.framework in Frameworks */,
			);
			runOnlyForDeploymentPostprocessing = 0;
		};
/* End PBXFrameworksBuildPhase section */

/* Begin PBXGroup section */
		152C0C189FA380266EE5CAF6 /* Frameworks */ = {
			isa = PBXGroup;
			children = (
				9DE3508C51FD7133253FACCB /* Pods_workoutTracker.framework */,
			);
			name = Frameworks;
			sourceTree = "<group>";
		};
		5E55DA32EBE5A298334182F0 /* Pods */ = {
			isa = PBXGroup;
			children = (
				8C61D0A3F3042ADCFF231570 /* Pods-workoutTracker.debug.xcconfig */,
				8565846AB085BC341015E4E2 /* Pods-workoutTracker.release.xcconfig */,
			);
			path = Pods;
			sourceTree = "<group>";
		};
		BC088C1124C897D1005ACD22 /* Logic */ = {
			isa = PBXGroup;
			children = (
				BC74A8E724C15F500064BA9C /* Workouts.swift */,
				BC65EC9424C0BB3200AB3B30 /* Exercises.swift */,
			);
			path = Logic;
			sourceTree = "<group>";
		};
		BC65EC7024C0B2E600AB3B30 = {
			isa = PBXGroup;
			children = (
				BC65EC7B24C0B2E600AB3B30 /* workoutTracker */,
				BC65EC7A24C0B2E600AB3B30 /* Products */,
				5E55DA32EBE5A298334182F0 /* Pods */,
				152C0C189FA380266EE5CAF6 /* Frameworks */,
			);
			sourceTree = "<group>";
		};
		BC65EC7A24C0B2E600AB3B30 /* Products */ = {
			isa = PBXGroup;
			children = (
				BC65EC7924C0B2E600AB3B30 /* workoutTracker.app */,
			);
			name = Products;
			sourceTree = "<group>";
		};
		BC65EC7B24C0B2E600AB3B30 /* workoutTracker */ = {
			isa = PBXGroup;
			children = (
				BC088C1124C897D1005ACD22 /* Logic */,
				BC91EEE724C691300074193A /* Helpers */,
				BCB78B4224CA9DD000304CC3 /* Views */,
				BCD9A22D24C68674001F502B /* View Controllers */,
				BC65EC7C24C0B2E600AB3B30 /* AppDelegate.swift */,
				BC65EC7E24C0B2E600AB3B30 /* SceneDelegate.swift */,
				BC65EC8424C0B2E600AB3B30 /* Main.storyboard */,
				BC65EC8724C0B2E700AB3B30 /* Assets.xcassets */,
				BC65EC8924C0B2E700AB3B30 /* LaunchScreen.storyboard */,
				BC65EC8C24C0B2E700AB3B30 /* Info.plist */,
				BC20590424C69A630013383C /* GoogleService-Info.plist */,
			);
			path = workoutTracker;
			sourceTree = "<group>";
		};
		BC91EEE724C691300074193A /* Helpers */ = {
			isa = PBXGroup;
			children = (
				BC91EEE524C6911C0074193A /* Utilities.swift */,
				BC29812A24C7E1930058D756 /* Constants.swift */,
				BC088C1624C8CB6E005ACD22 /* AppManager.swift */,
			);
			path = Helpers;
			sourceTree = "<group>";
		};
		BCB78B4224CA9DD000304CC3 /* Views */ = {
			isa = PBXGroup;
			children = (
				BC15C30224CD0E7600AAF0C4 /* WorkoutExercisesTableViewCell.swift */,
				BC726E6324D0809600B14BF7 /* HomeTableViewCell.swift */,
				BC147EA524D1CB1100C4D4CF /* ActiveWorkoutTableViewCell.swift */,
				BCC17B9F24E4DE8500E24ECD /* ExerciseTableViewCell.swift */,
			);
			path = Views;
			sourceTree = "<group>";
		};
		BCD9A22D24C68674001F502B /* View Controllers */ = {
			isa = PBXGroup;
			children = (
				BC088C1424C8A80B005ACD22 /* AppContainerViewController.swift */,
				BC20590224C6933E0013383C /* RootViewController.swift */,
				BCD9A22924C68506001F502B /* SignupViewController.swift */,
				BCD9A22B24C68514001F502B /* LoginViewController.swift */,
				BC65EC8024C0B2E600AB3B30 /* HomeViewController.swift */,
				BC65EC8224C0B2E600AB3B30 /* SettingsViewController.swift */,
				BC088C1224C89B29005ACD22 /* AddWorkoutViewController.swift */,
				BCD4D71724C9385800F4498B /* PopupViewController.swift */,
				BC147EA324D1B9BD00C4D4CF /* WorkoutStartedViewController.swift */,
				BCC17B9D24E32A4900E24ECD /* ExerciseViewController.swift */,
			);
			path = "View Controllers";
			sourceTree = "<group>";
		};
/* End PBXGroup section */

/* Begin PBXNativeTarget section */
		BC65EC7824C0B2E600AB3B30 /* workoutTracker */ = {
			isa = PBXNativeTarget;
			buildConfigurationList = BC65EC8F24C0B2E700AB3B30 /* Build configuration list for PBXNativeTarget "workoutTracker" */;
			buildPhases = (
				64EC0317BC8045E50996C213 /* [CP] Check Pods Manifest.lock */,
				BC65EC7524C0B2E600AB3B30 /* Sources */,
				BC65EC7624C0B2E600AB3B30 /* Frameworks */,
				BC65EC7724C0B2E600AB3B30 /* Resources */,
				13DED1E6F227A2AEA3E9AD36 /* [CP] Embed Pods Frameworks */,
			);
			buildRules = (
			);
			dependencies = (
			);
			name = workoutTracker;
			productName = workoutTracker;
			productReference = BC65EC7924C0B2E600AB3B30 /* workoutTracker.app */;
			productType = "com.apple.product-type.application";
		};
/* End PBXNativeTarget section */

/* Begin PBXProject section */
		BC65EC7124C0B2E600AB3B30 /* Project object */ = {
			isa = PBXProject;
			attributes = {
				LastSwiftUpdateCheck = 1160;
				LastUpgradeCheck = 1160;
				ORGANIZATIONNAME = "Hayden jin";
				TargetAttributes = {
					BC65EC7824C0B2E600AB3B30 = {
						CreatedOnToolsVersion = 11.6;
					};
				};
			};
			buildConfigurationList = BC65EC7424C0B2E600AB3B30 /* Build configuration list for PBXProject "workoutTracker" */;
			compatibilityVersion = "Xcode 9.3";
			developmentRegion = en;
			hasScannedForEncodings = 0;
			knownRegions = (
				en,
				Base,
			);
			mainGroup = BC65EC7024C0B2E600AB3B30;
			productRefGroup = BC65EC7A24C0B2E600AB3B30 /* Products */;
			projectDirPath = "";
			projectRoot = "";
			targets = (
				BC65EC7824C0B2E600AB3B30 /* workoutTracker */,
			);
		};
/* End PBXProject section */

/* Begin PBXResourcesBuildPhase section */
		BC65EC7724C0B2E600AB3B30 /* Resources */ = {
			isa = PBXResourcesBuildPhase;
			buildActionMask = 2147483647;
			files = (
				BC65EC8B24C0B2E700AB3B30 /* LaunchScreen.storyboard in Resources */,
				BC20590524C69A630013383C /* GoogleService-Info.plist in Resources */,
				BC65EC8824C0B2E700AB3B30 /* Assets.xcassets in Resources */,
				BC65EC8624C0B2E600AB3B30 /* Main.storyboard in Resources */,
			);
			runOnlyForDeploymentPostprocessing = 0;
		};
/* End PBXResourcesBuildPhase section */

/* Begin PBXShellScriptBuildPhase section */
		13DED1E6F227A2AEA3E9AD36 /* [CP] Embed Pods Frameworks */ = {
			isa = PBXShellScriptBuildPhase;
			buildActionMask = 2147483647;
			files = (
			);
			inputFileListPaths = (
				"${PODS_ROOT}/Target Support Files/Pods-workoutTracker/Pods-workoutTracker-frameworks-${CONFIGURATION}-input-files.xcfilelist",
			);
			name = "[CP] Embed Pods Frameworks";
			outputFileListPaths = (
				"${PODS_ROOT}/Target Support Files/Pods-workoutTracker/Pods-workoutTracker-frameworks-${CONFIGURATION}-output-files.xcfilelist",
			);
			runOnlyForDeploymentPostprocessing = 0;
			shellPath = /bin/sh;
			shellScript = "\"${PODS_ROOT}/Target Support Files/Pods-workoutTracker/Pods-workoutTracker-frameworks.sh\"\n";
			showEnvVarsInLog = 0;
		};
		64EC0317BC8045E50996C213 /* [CP] Check Pods Manifest.lock */ = {
			isa = PBXShellScriptBuildPhase;
			buildActionMask = 2147483647;
			files = (
			);
			inputFileListPaths = (
			);
			inputPaths = (
				"${PODS_PODFILE_DIR_PATH}/Podfile.lock",
				"${PODS_ROOT}/Manifest.lock",
			);
			name = "[CP] Check Pods Manifest.lock";
			outputFileListPaths = (
			);
			outputPaths = (
				"$(DERIVED_FILE_DIR)/Pods-workoutTracker-checkManifestLockResult.txt",
			);
			runOnlyForDeploymentPostprocessing = 0;
			shellPath = /bin/sh;
			shellScript = "diff \"${PODS_PODFILE_DIR_PATH}/Podfile.lock\" \"${PODS_ROOT}/Manifest.lock\" > /dev/null\nif [ $? != 0 ] ; then\n    # print error to STDERR\n    echo \"error: The sandbox is not in sync with the Podfile.lock. Run 'pod install' or update your CocoaPods installation.\" >&2\n    exit 1\nfi\n# This output is used by Xcode 'outputs' to avoid re-running this script phase.\necho \"SUCCESS\" > \"${SCRIPT_OUTPUT_FILE_0}\"\n";
			showEnvVarsInLog = 0;
		};
/* End PBXShellScriptBuildPhase section */

/* Begin PBXSourcesBuildPhase section */
		BC65EC7524C0B2E600AB3B30 /* Sources */ = {
			isa = PBXSourcesBuildPhase;
			buildActionMask = 2147483647;
			files = (
				BCD9A22A24C68506001F502B /* SignupViewController.swift in Sources */,
				BC088C1324C89B29005ACD22 /* AddWorkoutViewController.swift in Sources */,
				BC65EC9524C0BB3200AB3B30 /* Exercises.swift in Sources */,
				BCC17BA024E4DE8500E24ECD /* ExerciseTableViewCell.swift in Sources */,
				BC65EC8324C0B2E600AB3B30 /* SettingsViewController.swift in Sources */,
				BCD4D71824C9385800F4498B /* PopupViewController.swift in Sources */,
				BC20590324C6933E0013383C /* RootViewController.swift in Sources */,
				BCC17B9E24E32A4900E24ECD /* ExerciseViewController.swift in Sources */,
				BC65EC8124C0B2E600AB3B30 /* HomeViewController.swift in Sources */,
				BC088C1724C8CB6E005ACD22 /* AppManager.swift in Sources */,
				BC65EC7D24C0B2E600AB3B30 /* AppDelegate.swift in Sources */,
				BC91EEE624C6911C0074193A /* Utilities.swift in Sources */,
				BC15C30324CD0E7600AAF0C4 /* WorkoutExercisesTableViewCell.swift in Sources */,
				BC74A8E824C15F500064BA9C /* Workouts.swift in Sources */,
				BC65EC7F24C0B2E600AB3B30 /* SceneDelegate.swift in Sources */,
				BC29812B24C7E1930058D756 /* Constants.swift in Sources */,
				BC147EA424D1B9BD00C4D4CF /* WorkoutStartedViewController.swift in Sources */,
				BCD9A22C24C68514001F502B /* LoginViewController.swift in Sources */,
				BC147EA624D1CB1100C4D4CF /* ActiveWorkoutTableViewCell.swift in Sources */,
				BC726E6424D0809600B14BF7 /* HomeTableViewCell.swift in Sources */,
				BC088C1524C8A80B005ACD22 /* AppContainerViewController.swift in Sources */,
			);
			runOnlyForDeploymentPostprocessing = 0;
		};
/* End PBXSourcesBuildPhase section */

/* Begin PBXVariantGroup section */
		BC65EC8424C0B2E600AB3B30 /* Main.storyboard */ = {
			isa = PBXVariantGroup;
			children = (
				BC65EC8524C0B2E600AB3B30 /* Base */,
			);
			name = Main.storyboard;
			sourceTree = "<group>";
		};
		BC65EC8924C0B2E700AB3B30 /* LaunchScreen.storyboard */ = {
			isa = PBXVariantGroup;
			children = (
				BC65EC8A24C0B2E700AB3B30 /* Base */,
			);
			name = LaunchScreen.storyboard;
			sourceTree = "<group>";
		};
/* End PBXVariantGroup section */

/* Begin XCBuildConfiguration section */
		BC65EC8D24C0B2E700AB3B30 /* Debug */ = {
			isa = XCBuildConfiguration;
			buildSettings = {
				ALWAYS_SEARCH_USER_PATHS = NO;
				CLANG_ANALYZER_NONNULL = YES;
				CLANG_ANALYZER_NUMBER_OBJECT_CONVERSION = YES_AGGRESSIVE;
				CLANG_CXX_LANGUAGE_STANDARD = "gnu++14";
				CLANG_CXX_LIBRARY = "libc++";
				CLANG_ENABLE_MODULES = YES;
				CLANG_ENABLE_OBJC_ARC = YES;
				CLANG_ENABLE_OBJC_WEAK = YES;
				CLANG_WARN_BLOCK_CAPTURE_AUTORELEASING = YES;
				CLANG_WARN_BOOL_CONVERSION = YES;
				CLANG_WARN_COMMA = YES;
				CLANG_WARN_CONSTANT_CONVERSION = YES;
				CLANG_WARN_DEPRECATED_OBJC_IMPLEMENTATIONS = YES;
				CLANG_WARN_DIRECT_OBJC_ISA_USAGE = YES_ERROR;
				CLANG_WARN_DOCUMENTATION_COMMENTS = YES;
				CLANG_WARN_EMPTY_BODY = YES;
				CLANG_WARN_ENUM_CONVERSION = YES;
				CLANG_WARN_INFINITE_RECURSION = YES;
				CLANG_WARN_INT_CONVERSION = YES;
				CLANG_WARN_NON_LITERAL_NULL_CONVERSION = YES;
				CLANG_WARN_OBJC_IMPLICIT_RETAIN_SELF = YES;
				CLANG_WARN_OBJC_LITERAL_CONVERSION = YES;
				CLANG_WARN_OBJC_ROOT_CLASS = YES_ERROR;
				CLANG_WARN_RANGE_LOOP_ANALYSIS = YES;
				CLANG_WARN_STRICT_PROTOTYPES = YES;
				CLANG_WARN_SUSPICIOUS_MOVE = YES;
				CLANG_WARN_UNGUARDED_AVAILABILITY = YES_AGGRESSIVE;
				CLANG_WARN_UNREACHABLE_CODE = YES;
				CLANG_WARN__DUPLICATE_METHOD_MATCH = YES;
				COPY_PHASE_STRIP = NO;
				DEBUG_INFORMATION_FORMAT = dwarf;
				ENABLE_STRICT_OBJC_MSGSEND = YES;
				ENABLE_TESTABILITY = YES;
				GCC_C_LANGUAGE_STANDARD = gnu11;
				GCC_DYNAMIC_NO_PIC = NO;
				GCC_NO_COMMON_BLOCKS = YES;
				GCC_OPTIMIZATION_LEVEL = 0;
				GCC_PREPROCESSOR_DEFINITIONS = (
					"DEBUG=1",
					"$(inherited)",
				);
				GCC_WARN_64_TO_32_BIT_CONVERSION = YES;
				GCC_WARN_ABOUT_RETURN_TYPE = YES_ERROR;
				GCC_WARN_UNDECLARED_SELECTOR = YES;
				GCC_WARN_UNINITIALIZED_AUTOS = YES_AGGRESSIVE;
				GCC_WARN_UNUSED_FUNCTION = YES;
				GCC_WARN_UNUSED_VARIABLE = YES;
				IPHONEOS_DEPLOYMENT_TARGET = 13.6;
				MTL_ENABLE_DEBUG_INFO = INCLUDE_SOURCE;
				MTL_FAST_MATH = YES;
				ONLY_ACTIVE_ARCH = YES;
				SDKROOT = iphoneos;
				SWIFT_ACTIVE_COMPILATION_CONDITIONS = DEBUG;
				SWIFT_OPTIMIZATION_LEVEL = "-Onone";
			};
			name = Debug;
		};
		BC65EC8E24C0B2E700AB3B30 /* Release */ = {
			isa = XCBuildConfiguration;
			buildSettings = {
				ALWAYS_SEARCH_USER_PATHS = NO;
				CLANG_ANALYZER_NONNULL = YES;
				CLANG_ANALYZER_NUMBER_OBJECT_CONVERSION = YES_AGGRESSIVE;
				CLANG_CXX_LANGUAGE_STANDARD = "gnu++14";
				CLANG_CXX_LIBRARY = "libc++";
				CLANG_ENABLE_MODULES = YES;
				CLANG_ENABLE_OBJC_ARC = YES;
				CLANG_ENABLE_OBJC_WEAK = YES;
				CLANG_WARN_BLOCK_CAPTURE_AUTORELEASING = YES;
				CLANG_WARN_BOOL_CONVERSION = YES;
				CLANG_WARN_COMMA = YES;
				CLANG_WARN_CONSTANT_CONVERSION = YES;
				CLANG_WARN_DEPRECATED_OBJC_IMPLEMENTATIONS = YES;
				CLANG_WARN_DIRECT_OBJC_ISA_USAGE = YES_ERROR;
				CLANG_WARN_DOCUMENTATION_COMMENTS = YES;
				CLANG_WARN_EMPTY_BODY = YES;
				CLANG_WARN_ENUM_CONVERSION = YES;
				CLANG_WARN_INFINITE_RECURSION = YES;
				CLANG_WARN_INT_CONVERSION = YES;
				CLANG_WARN_NON_LITERAL_NULL_CONVERSION = YES;
				CLANG_WARN_OBJC_IMPLICIT_RETAIN_SELF = YES;
				CLANG_WARN_OBJC_LITERAL_CONVERSION = YES;
				CLANG_WARN_OBJC_ROOT_CLASS = YES_ERROR;
				CLANG_WARN_RANGE_LOOP_ANALYSIS = YES;
				CLANG_WARN_STRICT_PROTOTYPES = YES;
				CLANG_WARN_SUSPICIOUS_MOVE = YES;
				CLANG_WARN_UNGUARDED_AVAILABILITY = YES_AGGRESSIVE;
				CLANG_WARN_UNREACHABLE_CODE = YES;
				CLANG_WARN__DUPLICATE_METHOD_MATCH = YES;
				COPY_PHASE_STRIP = NO;
				DEBUG_INFORMATION_FORMAT = "dwarf-with-dsym";
				ENABLE_NS_ASSERTIONS = NO;
				ENABLE_STRICT_OBJC_MSGSEND = YES;
				GCC_C_LANGUAGE_STANDARD = gnu11;
				GCC_NO_COMMON_BLOCKS = YES;
				GCC_WARN_64_TO_32_BIT_CONVERSION = YES;
				GCC_WARN_ABOUT_RETURN_TYPE = YES_ERROR;
				GCC_WARN_UNDECLARED_SELECTOR = YES;
				GCC_WARN_UNINITIALIZED_AUTOS = YES_AGGRESSIVE;
				GCC_WARN_UNUSED_FUNCTION = YES;
				GCC_WARN_UNUSED_VARIABLE = YES;
				IPHONEOS_DEPLOYMENT_TARGET = 13.6;
				MTL_ENABLE_DEBUG_INFO = NO;
				MTL_FAST_MATH = YES;
				SDKROOT = iphoneos;
				SWIFT_COMPILATION_MODE = wholemodule;
				SWIFT_OPTIMIZATION_LEVEL = "-O";
				VALIDATE_PRODUCT = YES;
			};
			name = Release;
		};
		BC65EC9024C0B2E700AB3B30 /* Debug */ = {
			isa = XCBuildConfiguration;
			baseConfigurationReference = 8C61D0A3F3042ADCFF231570 /* Pods-workoutTracker.debug.xcconfig */;
			buildSettings = {
				ASSETCATALOG_COMPILER_APPICON_NAME = AppIcon;
				CODE_SIGN_STYLE = Automatic;
				DEVELOPMENT_TEAM = H4S2GXSU83;
				INFOPLIST_FILE = workoutTracker/Info.plist;
				IPHONEOS_DEPLOYMENT_TARGET = 13.5;
				LD_RUNPATH_SEARCH_PATHS = (
					"$(inherited)",
					"@executable_path/Frameworks",
				);
				PRODUCT_BUNDLE_IDENTIFIER = com.HaydenJin.workoutTracker;
				PRODUCT_NAME = "$(TARGET_NAME)";
				SWIFT_VERSION = 5.0;
				TARGETED_DEVICE_FAMILY = 1;
			};
			name = Debug;
		};
		BC65EC9124C0B2E700AB3B30 /* Release */ = {
			isa = XCBuildConfiguration;
			baseConfigurationReference = 8565846AB085BC341015E4E2 /* Pods-workoutTracker.release.xcconfig */;
			buildSettings = {
				ASSETCATALOG_COMPILER_APPICON_NAME = AppIcon;
				CODE_SIGN_STYLE = Automatic;
				DEVELOPMENT_TEAM = H4S2GXSU83;
				INFOPLIST_FILE = workoutTracker/Info.plist;
				IPHONEOS_DEPLOYMENT_TARGET = 13.5;
				LD_RUNPATH_SEARCH_PATHS = (
					"$(inherited)",
					"@executable_path/Frameworks",
				);
				PRODUCT_BUNDLE_IDENTIFIER = com.HaydenJin.workoutTracker;
				PRODUCT_NAME = "$(TARGET_NAME)";
				SWIFT_VERSION = 5.0;
				TARGETED_DEVICE_FAMILY = 1;
			};
			name = Release;
		};
/* End XCBuildConfiguration section */

/* Begin XCConfigurationList section */
		BC65EC7424C0B2E600AB3B30 /* Build configuration list for PBXProject "workoutTracker" */ = {
			isa = XCConfigurationList;
			buildConfigurations = (
				BC65EC8D24C0B2E700AB3B30 /* Debug */,
				BC65EC8E24C0B2E700AB3B30 /* Release */,
			);
			defaultConfigurationIsVisible = 0;
			defaultConfigurationName = Release;
		};
		BC65EC8F24C0B2E700AB3B30 /* Build configuration list for PBXNativeTarget "workoutTracker" */ = {
			isa = XCConfigurationList;
			buildConfigurations = (
				BC65EC9024C0B2E700AB3B30 /* Debug */,
				BC65EC9124C0B2E700AB3B30 /* Release */,
			);
			defaultConfigurationIsVisible = 0;
			defaultConfigurationName = Release;
		};
/* End XCConfigurationList section */
	};
	rootObject = BC65EC7124C0B2E600AB3B30 /* Project object */;
}
